
Microsoft Visual Studio Solution File, Format Version 12.00
# Visual Studio Version 16
VisualStudioVersion = 16.0.30114.105
MinimumVisualStudioVersion = 10.0.40219.1
Project("{FAE04EC0-301F-11D3-BF4B-00C04F79EFBC}") = "OOP_lab_2_20_2", "OOP_lab_2_20_2\OOP_lab_2_20_2.csproj", "{EFE902BA-5C66-4699-9B36-9A45A4953B98}"
EndProject
Project("{2150E333-8FDC-42A3-9474-1A3956D46DE8}") = "Solution Items", "Solution Items", "{F2081317-46E0-4F7A-BFFB-D92891AEF1A5}"
	ProjectSection(SolutionItems) = preProject
		.travis.yml = .travis.yml
	EndProjectSection
EndProject
Global
	GlobalSection(SolutionConfigurationPlatforms) = preSolution
		Debug|Any CPU = Debug|Any CPU
		Release|Any CPU = Release|Any CPU
	EndGlobalSection
	GlobalSection(ProjectConfigurationPlatforms) = postSolution
		{EFE902BA-5C66-4699-9B36-9A45A4953B98}.Debug|Any CPU.ActiveCfg = Debug|Any CPU
		{EFE902BA-5C66-4699-9B36-9A45A4953B98}.Debug|Any CPU.Build.0 = Debug|Any CPU
		{EFE902BA-5C66-4699-9B36-9A45A4953B98}.Release|Any CPU.ActiveCfg = Release|Any CPU
		{EFE902BA-5C66-4699-9B36-9A45A4953B98}.Release|Any CPU.Build.0 = Release|Any CPU
	EndGlobalSection
	GlobalSection(SolutionProperties) = preSolution
		HideSolutionNode = FALSE
	EndGlobalSection
	GlobalSection(ExtensibilityGlobals) = postSolution
		SolutionGuid = {E0EBE559-DA73-442A-9459-7B9D49A95B18}
	EndGlobalSection
EndGlobal
